{
  "nodes": {
    "flake-compat": {
      "flake": false,
      "locked": {
        "lastModified": 1767039857,
        "narHash": "sha256-vNpUSpF5Nuw8xvDLj2KCwwksIbjua2LZCqhV1LNRDns=",
        "owner": "edolstra",
        "repo": "flake-compat",
        "rev": "5edf11c44bc78a0d334f6334cdaf7d60d732daab",
        "type": "github"
      },
      "original": {
        "owner": "edolstra",
        "repo": "flake-compat",
        "type": "github"
      }
    },
    "home-manager": {
      "inputs": {
        "nixpkgs": [
          "nixpkgs"
        ]
      },
      "locked": {
        "lastModified": 1775077333,
        "narHash": "sha256-OXcxobt7lBkh1B8AjwreU+24myhtKpqeLfAeIyNLFY8=",
        "ref": "release-25.11",
        "rev": "49ca96b2714c5931e17401eff87f3edd42d2b0f2",
        "revCount": 5877,
        "type": "git",
        "url": "https://github.com/nix-community/home-manager"
      },
      "original": {
        "ref": "release-25.11",
        "type": "git",
        "url": "https://github.com/nix-community/home-manager"
      }
    },
    "nixos-wsl": {
      "inputs": {
        "flake-compat": "flake-compat",
        "nixpkgs": [
          "nixpkgs"
        ]
      },
      "locked": {
        "lastModified": 1773876229,
        "narHash": "sha256-ncup+eYqHABZzBgwfQzxOXWHIcjN4kkZl9QTb4cgNm8=",
        "ref": "release-25.11",
        "rev": "381bc12a25d49c6b798f98ab33a8d951ec54659b",
        "revCount": 710,
        "type": "git",
        "url": "https://github.com/nix-community/nixos-wsl"
      },
      "original": {
        "ref": "release-25.11",
        "type": "git",
        "url": "https://github.com/nix-community/nixos-wsl"
      }
    },
    "nixpkgs": {
      "locked": {
        "lastModified": 1775002709,
        "narHash": "sha256-d3Yx83vSrN+2z/loBh4mJpyRqr9aAJqlke4TkpFmRJA=",
        "ref": "nixos-25.11",
        "rev": "bcd464ccd2a1a7cd09aa2f8d4ffba83b761b1d0e",
        "revCount": 910305,
        "type": "git",
        "url": "https://github.com/NixOS/nixpkgs"
      },
      "original": {
        "ref": "nixos-25.11",
        "type": "git",
        "url": "https://github.com/NixOS/nixpkgs"
      }
    },
    "nixpkgs-unstable": {
      "locked": {
        "lastModified": 1774709303,
        "narHash": "sha256-D3Q07BbIA2KnTcSXIqqu9P586uWxN74zNoCH3h2ESHg=",
        "ref": "nixos-unstable",
        "rev": "8110df5ad7abf5d4c0f6fb0f8f978390e77f9685",
        "revCount": 971119,
        "type": "git",
        "url": "https://github.com/NixOS/nixpkgs"
      },
      "original": {
        "ref": "nixos-unstable",
        "type": "git",
        "url": "https://github.com/NixOS/nixpkgs"
      }
    },
    "root": {
      "inputs": {
        "home-manager": "home-manager",
        "nixos-wsl": "nixos-wsl",
        "nixpkgs": "nixpkgs",
        "nixpkgs-unstable": "nixpkgs-unstable",
        "rust-overlay": "rust-overlay"
      }
    },
    "rust-overlay": {
      "inputs": {
        "nixpkgs": [
          "nixpkgs"
        ]
      },
      "locked": {
        "lastModified": 1763260832,
        "narHash": "sha256-KMEJ9S7bZLvDIfVu2XdEJTZVYAc/arjFt5KnhGqwCOg=",
        "owner": "oxalica",
        "repo": "rust-overlay",
        "rev": "c3cea2a0ec0d5debbef4aa2a0cfe59bd0fb0aeeb",
        "type": "github"
      },
      "original": {
        "owner": "oxalica",
        "repo": "rust-overlay",
        "type": "github"
      }
    }
  },
  "root": "root",
  "version": 7
}
